
Microsoft Visual Studio Solution File, Format Version 12.00
# Visual Studio Version 16
VisualStudioVersion = 16.0.28516.95
MinimumVisualStudioVersion = 10.0.40219.1
Project("{FAE04EC0-301F-11D3-BF4B-00C04F79EFBC}") = "CaSGenerate", "CaSGenerate\CaSGenerate.csproj", "{47F9A889-8EAC-481F-82AA-C6E619FE72D6}"
EndProject
Project("{FAE04EC0-301F-11D3-BF4B-00C04F79EFBC}") = "NewGaSApp", "NewGaSApp\NewGaSApp.csproj", "{3CEEE782-E6E3-4120-A0D3-DC5F9007CCD2}"
EndProject
Global
	GlobalSection(SolutionConfigurationPlatforms) = preSolution
		Debug|Any CPU = Debug|Any CPU
		Release|Any CPU = Release|Any CPU
	EndGlobalSection
	GlobalSection(ProjectConfigurationPlatforms) = postSolution
		{47F9A889-8EAC-481F-82AA-C6E619FE72D6}.Debug|Any CPU.ActiveCfg = Debug|Any CPU
		{47F9A889-8EAC-481F-82AA-C6E619FE72D6}.Debug|Any CPU.Build.0 = Debug|Any CPU
		{47F9A889-8EAC-481F-82AA-C6E619FE72D6}.Release|Any CPU.ActiveCfg = Release|Any CPU
		{47F9A889-8EAC-481F-82AA-C6E619FE72D6}.Release|Any CPU.Build.0 = Release|Any CPU
		{3CEEE782-E6E3-4120-A0D3-DC5F9007CCD2}.Debug|Any CPU.ActiveCfg = Debug|Any CPU
		{3CEEE782-E6E3-4120-A0D3-DC5F9007CCD2}.Debug|Any CPU.Build.0 = Debug|Any CPU
		{3CEEE782-E6E3-4120-A0D3-DC5F9007CCD2}.Release|Any CPU.ActiveCfg = Release|Any CPU
		{3CEEE782-E6E3-4120-A0D3-DC5F9007CCD2}.Release|Any CPU.Build.0 = Release|Any CPU
	EndGlobalSection
	GlobalSection(SolutionProperties) = preSolution
		HideSolutionNode = FALSE
	EndGlobalSection
	GlobalSection(ExtensibilityGlobals) = postSolution
		SolutionGuid = {AD7F1B50-6BFA-4F15-9224-0E4316167322}
	EndGlobalSection
EndGlobal
